
Microsoft Visual Studio Solution File, Format Version 12.00
# Visual Studio Version 16
VisualStudioVersion = 16.0.30011.22
MinimumVisualStudioVersion = 10.0.40219.1
Project("{FAE04EC0-301F-11D3-BF4B-00C04F79EFBC}") = "prob 2", "prob 2\prob 2.csproj", "{D6C97714-D3B5-4194-8B52-E140749131C2}"
EndProject
Global
	GlobalSection(SolutionConfigurationPlatforms) = preSolution
		Debug|Any CPU = Debug|Any CPU
		Release|Any CPU = Release|Any CPU
	EndGlobalSection
	GlobalSection(ProjectConfigurationPlatforms) = postSolution
		{D6C97714-D3B5-4194-8B52-E140749131C2}.Debug|Any CPU.ActiveCfg = Debug|Any CPU
		{D6C97714-D3B5-4194-8B52-E140749131C2}.Debug|Any CPU.Build.0 = Debug|Any CPU
		{D6C97714-D3B5-4194-8B52-E140749131C2}.Release|Any CPU.ActiveCfg = Release|Any CPU
		{D6C97714-D3B5-4194-8B52-E140749131C2}.Release|Any CPU.Build.0 = Release|Any CPU
	EndGlobalSection
	GlobalSection(SolutionProperties) = preSolution
		HideSolutionNode = FALSE
	EndGlobalSection
	GlobalSection(ExtensibilityGlobals) = postSolution
		SolutionGuid = {95DBFB13-7173-4C93-8113-68C68A257465}
	EndGlobalSection
EndGlobal
